
Microsoft Visual Studio Solution File, Format Version 12.00
# Visual Studio Version 17
VisualStudioVersion = 17.2.32616.157
MinimumVisualStudioVersion = 10.0.40219.1
Project("{FAE04EC0-301F-11D3-BF4B-00C04F79EFBC}") = "ClientRegistrator", "ClientRegistrator.csproj", "{F12F3E18-C8DD-4C35-BF54-965B632A2188}"
EndProject
Global
	GlobalSection(SolutionConfigurationPlatforms) = preSolution
		Debug|Any CPU = Debug|Any CPU
		Release|Any CPU = Release|Any CPU
	EndGlobalSection
	GlobalSection(ProjectConfigurationPlatforms) = postSolution
		{F12F3E18-C8DD-4C35-BF54-965B632A2188}.Debug|Any CPU.ActiveCfg = Debug|Any CPU
		{F12F3E18-C8DD-4C35-BF54-965B632A2188}.Debug|Any CPU.Build.0 = Debug|Any CPU
		{F12F3E18-C8DD-4C35-BF54-965B632A2188}.Release|Any CPU.ActiveCfg = Release|Any CPU
		{F12F3E18-C8DD-4C35-BF54-965B632A2188}.Release|Any CPU.Build.0 = Release|Any CPU
	EndGlobalSection
	GlobalSection(SolutionProperties) = preSolution
		HideSolutionNode = FALSE
	EndGlobalSection
	GlobalSection(ExtensibilityGlobals) = postSolution
		SolutionGuid = {D494F22E-78CC-495E-876A-56C9E9437DF1}
	EndGlobalSection
EndGlobal
